[[package]]
category = "main"
description = "A drop-in replacement for pprint that's actually pretty"
name = "pprintpp"
optional = false
python-versions = "*"
version = "0.4.0"

[metadata]
content-hash = "be7c062dae9395437a3e2a3173527457308b9dba029bbee067ceb6cc1b62424d"
python-versions = "^3.5"

[metadata.files]
pprintpp = [
    {file = "pprintpp-0.4.0-py2.py3-none-any.whl", hash = "sha256:b6b4dcdd0c0c0d75e4d7b2f21a9e933e5b2ce62b26e1a54537f9651ae5a5c01d"},
    {file = "pprintpp-0.4.0.tar.gz", hash = "sha256:ea826108e2c7f49dc6d66c752973c3fc9749142a798d6b254e1e301cfdbc6403"},
]
